dependencies:
- name: elasticsearch
  repository: https://kubernetes-charts.storage.googleapis.com
  version: 1.19.1
- name: onedata-chart-utils
  repository: file://../onedata-chart-utils
  version: 0.2.13
digest: sha256:cb910d82f7567037eaf41ac9a43e223832c8f2096bf38df49b905ac26c9b7174
generated: 2019-06-04T16:36:18.2496+02:00
