dependencies:
- name: onedata-chart-utils
  repository: https://onedata.github.io/charts/
  version: 0.2.10
- name: keycloak
  repository: https://onedata.github.io/charts/
  version: 0.1.1
- name: token-dispenser
  repository: https://onedata.github.io/charts/
  version: 0.1.1
digest: sha256:fac64a697f1424458198263f11a2a4318103fce0dac719cff488aed80fe0a6c2
generated: 2018-08-18T18:37:00.985551577+02:00
