dependencies:
- name: onedata-chart-utils
  repository: https://onedata.github.io/charts/
  version: 0.2.14
- name: keycloak
  repository: https://onedata.github.io/charts/
  version: 0.1.5
- name: elasticsearch
  repository: https://onedata.github.io/charts/
  version: 0.1.1
- name: token-dispenser
  repository: https://onedata.github.io/charts/
  version: 0.1.4
digest: sha256:e17c476d8f1c30b10d9a2fb71b4e8dcc77be0b41f9934e83d420d39ba0cde6fb
generated: 2020-05-27T16:23:34.406231+02:00
