dependencies:
- name: onedata-chart-utils
  repository: file://../onedata-chart-utils
  version: 0.2.10
- name: keycloak
  repository: file://../keycloak
  version: 0.1.1
- name: token-dispenser
  repository: file://../token-dispenser
  version: 0.1.1
digest: sha256:53668f37407a57d7f7c437b228fb4d42e3d7ec806b5198e0e4f325fe79d90476
generated: 2018-08-31T14:01:13.468959417+02:00
