dependencies:
- alias: ""
  condition: ""
  enabled: false
  import-values: null
  name: onedata-chart-utils
  repository: https://onedata.github.io/charts/
  tags: null
  version: 0.2.8
- alias: ""
  condition: ""
  enabled: false
  import-values: null
  name: onedata-1p
  repository: https://onedata.github.io/charts/
  tags: null
  version: 0.2.1
digest: sha256:1b32bb113be18b39aab1908485fdd8e58509a0e145da4d27eedbb3068d280c9b
generated: 2017-07-25T01:12:00.958467184+02:00
