dependencies:
- name: onedata-chart-utils
  repository: https://onedata.github.io/charts/
  version: 0.2.9
- name: onedata-1p
  repository: https://onedata.github.io/charts/
  version: 0.2.6
digest: sha256:6338f0cef710abf79494af9201fb58a630149b140f5c9ae352215164c978a3df
generated: 2017-11-03T11:28:13.380499503+01:00
