dependencies:
- alias: ""
  condition: ""
  enabled: false
  import-values: null
  name: onedata-chart-utils
  repository: https://onedata.github.io/charts/
  tags: null
  version: 0.2.8
digest: sha256:07a5a84c569d5b583d4496db16e33b3c2ac69579520c3c2b205ba9874560955b
generated: 2017-07-25T01:11:40.451686864+02:00
