dependencies:
- alias: ""
  condition: ""
  enabled: false
  import-values: null
  name: onedata-chart-utils
  repository: https://onedata.github.io/charts/
  tags: null
  version: 0.2.9
digest: sha256:ab680b451fe54d63ca4ba093407cc44e7acb0d48852b7730789bc0e2f1322868
generated: 2017-08-03T00:14:11.276438911+02:00
