dependencies:
- name: onedata-chart-utils
  repository: https://onedata.github.io/charts/
  version: 0.2.10
- name: onedata-3p
  repository: https://onedata.github.io/charts/
  version: 0.2.11
digest: sha256:b15c45a31652094f56e51ddfa62c54eb0eeb0fe0b5991dfeb8858b8657c1ece1
generated: 2018-08-18T19:06:53.373513969+02:00
