dependencies:
- name: onedata-chart-utils
  repository: https://onedata.github.io/charts/
  version: 0.2.9
- name: onedata-3p
  repository: https://onedata.github.io/charts/
  version: 0.2.9
digest: sha256:7cbef005526cd19acd75e52692a1d90804b2c2287e2bf2cd1ea5afdfe72866d8
generated: 2018-03-20T10:56:58.299908739Z
