dependencies:
- alias: ""
  condition: ""
  enabled: false
  import-values: null
  name: onezone
  repository: https://onedata.github.io/charts/
  tags: null
  version: 0.2.8
- alias: ""
  condition: ""
  enabled: false
  import-values: null
  name: oneprovider
  repository: https://onedata.github.io/charts/
  tags: null
  version: 0.2.8
- alias: ""
  condition: ""
  enabled: false
  import-values: null
  name: oneprovider
  repository: https://onedata.github.io/charts/
  tags: null
  version: 0.2.8
- alias: ""
  condition: ""
  enabled: false
  import-values: null
  name: oneprovider
  repository: https://onedata.github.io/charts/
  tags: null
  version: 0.2.8
digest: sha256:799220b0f66e1f569666c4a282e9fb2e1117e182eb8249de2ddaf3564b9cae8a
generated: 2017-08-03T00:14:12.447925787+02:00
