dependencies:
- alias: ""
  condition: ""
  enabled: false
  import-values: null
  name: onezone
  repository: https://onedata.github.io/charts/
  tags: null
  version: 0.2.7
- alias: ""
  condition: ""
  enabled: false
  import-values: null
  name: oneprovider
  repository: https://onedata.github.io/charts/
  tags: null
  version: 0.2.6
- alias: ""
  condition: ""
  enabled: false
  import-values: null
  name: oneprovider
  repository: https://onedata.github.io/charts/
  tags: null
  version: 0.2.6
- alias: ""
  condition: ""
  enabled: false
  import-values: null
  name: oneprovider
  repository: https://onedata.github.io/charts/
  tags: null
  version: 0.2.6
digest: sha256:0b30a9b2349f07c43ff8eabdca152beeb0fdc6d3f408d53fdf13bf3b4c2889a7
generated: 2017-07-25T01:11:44.08736611+02:00
