dependencies:
- alias: ""
  condition: ""
  enabled: false
  import-values: null
  name: onedata-chart-utils
  repository: https://onedata.github.io/charts/
  tags: null
  version: 0.2.9
- alias: ""
  condition: ""
  enabled: false
  import-values: null
  name: saml-idp
  repository: https://onedata.github.io/charts/
  tags: null
  version: 0.2.1
digest: sha256:4320efabb6c4e97569db158ea8d03e4a35dee65760de18c700891c97bece9647
generated: 2017-08-03T00:14:10.514698351+02:00
