dependencies:
- name: onezone
  repository: https://onedata.github.io/charts/
  version: 0.2.8
- name: oneprovider
  repository: https://onedata.github.io/charts/
  version: 0.2.9
- name: oneprovider
  repository: https://onedata.github.io/charts/
  version: 0.2.9
- name: oneprovider
  repository: https://onedata.github.io/charts/
  version: 0.2.9
digest: sha256:b060f83314e51c3ace8f88727d51da45dddb0ed77f19866610f9b5e21790ce38
generated: 2017-11-03T11:07:34.130494982+01:00
