dependencies:
- name: keycloak
  repository: https://codecentric.github.io/helm-charts
  version: 6.0.3
- name: onedata-chart-utils
  repository: file://../onedata-chart-utils
  version: 0.2.13
digest: sha256:278942d967f13f549093c69e227eb0184f0e4368560e4dcd85ddf139dcd14cb1
generated: 2019-11-12T21:17:52.195123+01:00
