dependencies:
- name: keycloak
  repository: https://codecentric.github.io/helm-charts
  version: 6.0.3
- name: onedata-chart-utils
  repository: https://onedata.github.io/charts/
  version: 0.2.14
digest: sha256:3aea8e37843acd91c96ae962d27745895ac60ef995f4256173101ae2b668eadc
generated: 2020-05-27T16:15:04.454729+02:00
