dependencies:
- name: onezone
  repository: file://../onezone
  version: 0.2.10
- name: oneprovider
  repository: file://../oneprovider
  version: 0.2.11
- name: oneprovider
  repository: file://../oneprovider
  version: 0.2.11
- name: oneprovider
  repository: file://../oneprovider
  version: 0.2.11
digest: sha256:c4239777bc4612d7c068cfbb8f9bc348b568bf1702657cf83b3ddace2d7c17f7
generated: 2018-02-15T13:52:07.179507+01:00
