dependencies:
- name: onezone
  repository: https://onedata.github.io/charts/
  version: 0.2.11
- name: oneprovider
  repository: https://onedata.github.io/charts/
  version: 0.2.11
- name: oneprovider
  repository: https://onedata.github.io/charts/
  version: 0.2.11
- name: oneprovider
  repository: https://onedata.github.io/charts/
  version: 0.2.11
digest: sha256:74e5d0ded89afb627aabf14e351ad7db9727e59389c6558a5ec5c321340de852
generated: 2018-02-27T10:01:21.047875464+01:00
