dependencies:
- name: onedata-chart-utils
  repository: https://onedata.github.io/charts/
  version: 0.2.14
- name: cluster-manager
  repository: file://../cluster-manager
  version: 0.1.0
- name: couchbase
  repository: file://../couchbase
  version: 0.1.0
digest: sha256:663b312ae4dee8f7d230cbab533bd254c45446b4c0cb8c8d0ccc7dfc19ea7800
generated: "2022-10-18T21:36:15.014412+02:00"
