dependencies:
- name: onezone
  repository: https://onedata.github.io/charts/
  version: 0.2.8
- name: oneprovider
  repository: https://onedata.github.io/charts/
  version: 0.2.9
digest: sha256:7e0fafe9d874c5a20d9515e68d5e2bd5cb84ed56054e07c7d2d483c95eebfd46
generated: 2017-11-03T11:06:09.443767223+01:00
