dependencies:
- alias: ""
  condition: ""
  enabled: false
  import-values: null
  name: onezone
  repository: https://onedata.github.io/charts/
  tags: null
  version: 0.2.7
- alias: ""
  condition: ""
  enabled: false
  import-values: null
  name: oneprovider
  repository: https://onedata.github.io/charts/
  tags: null
  version: 0.2.6
digest: sha256:450f4139a98337e2601ddd5664cf98f55400a549f7f0a22f7d0a932788202338
generated: 2017-07-25T01:12:00.346625496+02:00
