dependencies:
- name: onezone
  repository: https://onedata.github.io/charts/
  version: 0.2.11
- name: oneprovider
  repository: https://onedata.github.io/charts/
  version: 0.2.11
digest: sha256:996d17718350833fb2a50a07d52bb2bbc1bdf8b63f6f898640883eb08ab75126
generated: 2018-02-27T10:01:10.513664532+01:00
