dependencies:
- name: onezone
  repository: https://onedata.github.io/charts/
  version: 0.2.12
- name: oneprovider
  repository: https://onedata.github.io/charts/
  version: 0.2.12
digest: sha256:143b183ff79874c90ef4d3a6a5e0453586c22a18e4948888cb75975d7f5d66ca
generated: 2018-03-20T10:56:04.389194813Z
