dependencies:
- name: onedata-chart-utils
  repository: https://onedata.github.io/charts/
  version: 0.2.9
- name: onedata-1p
  repository: https://onedata.github.io/charts/
  version: 0.2.9
digest: sha256:82009ee77f020db07aff66563dd9816a2c6aeb04f92a4785990cb0f47fb0548e
generated: 2018-02-27T10:06:37.174183069+01:00
