dependencies:
- name: onedata-chart-utils
  repository: https://onedata.github.io/charts/
  version: 0.2.9
- name: onedata-1p
  repository: https://onedata.github.io/charts/
  version: 0.2.10
digest: sha256:a22961f6ce993ad364241e75ee45959fe50fbfc388f004da97a65763aa10efcc
generated: 2018-03-20T10:56:45.157731467Z
