dependencies:
- alias: ""
  condition: ""
  enabled: false
  import-values: null
  name: oneclient
  repository: https://onedata.github.io/charts/
  tags: null
  version: 0.2.7
- alias: ""
  condition: ""
  enabled: false
  import-values: null
  name: onedata-cli
  repository: https://onedata.github.io/charts/
  tags: null
  version: 0.2.7
- alias: ""
  condition: ""
  enabled: false
  import-values: null
  name: onedata-chart-utils
  repository: https://onedata.github.io/charts/
  tags: null
  version: 0.2.8
- alias: ""
  condition: ""
  enabled: false
  import-values: null
  name: volume-s3
  repository: https://onedata.github.io/charts/
  tags: null
  version: 0.2.3
- alias: ""
  condition: ""
  enabled: false
  import-values: null
  name: volume-ceph
  repository: https://onedata.github.io/charts/
  tags: null
  version: 0.2.3
- alias: ""
  condition: ""
  enabled: false
  import-values: null
  name: volume-nfs
  repository: https://onedata.github.io/charts/
  tags: null
  version: 0.2.4
- alias: ""
  condition: ""
  enabled: false
  import-values: null
  name: volume-gluster
  repository: https://onedata.github.io/charts/
  tags: null
  version: 0.2.0
digest: sha256:74e37a399b15bbf8826f149b1edd9d2648a147c51149cd1302057a75c73969f9
generated: 2017-07-25T01:11:40.976930094+02:00
