dependencies:
- name: oneclient
  repository: https://onedata.github.io/charts/
  version: 0.2.10
- name: onedata-cli
  repository: https://onedata.github.io/charts/
  version: 0.2.10
- name: onedata-chart-utils
  repository: https://onedata.github.io/charts/
  version: 0.2.9
- name: volume-s3
  repository: https://onedata.github.io/charts/
  version: 0.2.5
- name: volume-ceph
  repository: https://onedata.github.io/charts/
  version: 0.2.6
- name: volume-nfs
  repository: https://onedata.github.io/charts/
  version: 0.2.6
- name: volume-gluster
  repository: https://onedata.github.io/charts/
  version: 0.2.3
- name: volume-swift
  repository: https://onedata.github.io/charts/
  version: 0.2.2
- name: luma
  repository: https://onedata.github.io/charts/
  version: 0.2.3
digest: sha256:a51692d5d1e649600637b281229172c644215fa1ba2ebdef7c31f70f4e79f370
generated: 2018-02-03T20:05:53.007537205+01:00
