dependencies:
- alias: ""
  condition: ""
  enabled: false
  import-values: null
  name: onedata-chart-utils
  repository: https://onedata.github.io/charts/
  tags: null
  version: 0.2.8
- alias: ""
  condition: ""
  enabled: false
  import-values: null
  name: onedata-3p
  repository: https://onedata.github.io/charts/
  tags: null
  version: 0.2.1
digest: sha256:7b22a798aa1828263a3ae34519cfaede12e26107ee28ea88a12638fa4b163fc9
generated: 2017-07-25T01:11:45.068215951+02:00
